
Microsoft Visual Studio Solution File, Format Version 12.00
# Visual Studio Version 16
VisualStudioVersion = 16.0.30509.190
MinimumVisualStudioVersion = 10.0.40219.1
Project("{FAE04EC0-301F-11D3-BF4B-00C04F79EFBC}") = "Blazor5App", "Blazor5App\Blazor5App.csproj", "{C115A3DA-64FD-42BF-8609-3038AFEA57ED}"
EndProject
Global
	GlobalSection(SolutionConfigurationPlatforms) = preSolution
		Debug|Any CPU = Debug|Any CPU
		Release|Any CPU = Release|Any CPU
	EndGlobalSection
	GlobalSection(ProjectConfigurationPlatforms) = postSolution
		{C115A3DA-64FD-42BF-8609-3038AFEA57ED}.Debug|Any CPU.ActiveCfg = Debug|Any CPU
		{C115A3DA-64FD-42BF-8609-3038AFEA57ED}.Debug|Any CPU.Build.0 = Debug|Any CPU
		{C115A3DA-64FD-42BF-8609-3038AFEA57ED}.Release|Any CPU.ActiveCfg = Release|Any CPU
		{C115A3DA-64FD-42BF-8609-3038AFEA57ED}.Release|Any CPU.Build.0 = Release|Any CPU
	EndGlobalSection
	GlobalSection(SolutionProperties) = preSolution
		HideSolutionNode = FALSE
	EndGlobalSection
	GlobalSection(ExtensibilityGlobals) = postSolution
		SolutionGuid = {C095F3CA-32E5-4E00-BDED-DE7074E3556D}
	EndGlobalSection
EndGlobal
